Microsoft Visual Studio Solution File, Format Version 12.00
# Visual Studio Version 17
VisualStudioVersion = 17.5.2.0
MinimumVisualStudioVersion = 10.0.40219.1
Project("{FAE04EC0-301F-11D3-BF4B-00C04F79EFBC}") = "Puentes de Madison", "Puentes de Madison.csproj", "{64987A3A-B43C-0D0F-9556-38C27868278C}"
EndProject
Global
	GlobalSection(SolutionConfigurationPlatforms) = preSolution
		Debug|Any CPU = Debug|Any CPU
		Release|Any CPU = Release|Any CPU
	EndGlobalSection
	GlobalSection(ProjectConfigurationPlatforms) = postSolution
		{64987A3A-B43C-0D0F-9556-38C27868278C}.Debug|Any CPU.ActiveCfg = Debug|Any CPU
		{64987A3A-B43C-0D0F-9556-38C27868278C}.Debug|Any CPU.Build.0 = Debug|Any CPU
		{64987A3A-B43C-0D0F-9556-38C27868278C}.Release|Any CPU.ActiveCfg = Release|Any CPU
		{64987A3A-B43C-0D0F-9556-38C27868278C}.Release|Any CPU.Build.0 = Release|Any CPU
	EndGlobalSection
	GlobalSection(SolutionProperties) = preSolution
		HideSolutionNode = FALSE
	EndGlobalSection
	GlobalSection(ExtensibilityGlobals) = postSolution
		SolutionGuid = {E5999D54-5382-425E-97EE-637DDC0A114F}
	EndGlobalSection
EndGlobal
